// !$*UTF8*$!
{
	archiveVersion = 1;
	classes = {
	};
	objectVersion = 48;
	objects = {

/* Begin PBXBuildFile section */
		2D51E17C20705A6A0083434C /* GoogleService-Info.plist in Resources */ = {isa = PBXBuildFile; fileRef = 2D51E17B20705A690083434C /* GoogleService-Info.plist */; };
		53173E014E911A9528E2E1E3 /* Pods_HungryBruins.framework in Frameworks */ = {isa = PBXBuildFile; fileRef = 632AD66DCA744F8CEC6DC8BC /* Pods_HungryBruins.framework */; };
		A3AEB635270EFDEA2F706D00 /* Pods_HungryBruinsUITests.framework in Frameworks */ = {isa = PBXBuildFile; fileRef = 582FCC0DA6EA25EF87570FD6 /* Pods_HungryBruinsUITests.framework */; };
		C945AD54206EF56C002049A9 /* AppDelegate.swift in Sources */ = {isa = PBXBuildFile; fileRef = C945AD53206EF56C002049A9 /* AppDelegate.swift */; };
		C945AD56206EF56C002049A9 /* ViewController.swift in Sources */ = {isa = PBXBuildFile; fileRef = C945AD55206EF56C002049A9 /* ViewController.swift */; };
		C945AD59206EF56C002049A9 /* Main.storyboard in Resources */ = {isa = PBXBuildFile; fileRef = C945AD57206EF56C002049A9 /* Main.storyboard */; };
		C945AD5B206EF56C002049A9 /* Assets.xcassets in Resources */ = {isa = PBXBuildFile; fileRef = C945AD5A206EF56C002049A9 /* Assets.xcassets */; };
		C945AD5E206EF56C002049A9 /* LaunchScreen.storyboard in Resources */ = {isa = PBXBuildFile; fileRef = C945AD5C206EF56C002049A9 /* LaunchScreen.storyboard */; };
		C945AD69206EF56C002049A9 /* HungryBruinsTests.swift in Sources */ = {isa = PBXBuildFile; fileRef = C945AD68206EF56C002049A9 /* HungryBruinsTests.swift */; };
		C945AD74206EF56C002049A9 /* HungryBruinsUITests.swift in Sources */ = {isa = PBXBuildFile; fileRef = C945AD73206EF56C002049A9 /* HungryBruinsUITests.swift */; };
		FB3CFEAD1152D4B1BCF8AD94 /* Pods_HungryBruinsTests.framework in Frameworks */ = {isa = PBXBuildFile; fileRef = 36EAE58B83BFAC997A7D1CC1 /* Pods_HungryBruinsTests.framework */; };
/* End PBXBuildFile section */

/* Begin PBXContainerItemProxy section */
		C945AD65206EF56C002049A9 /* PBXContainerItemProxy */ = {
			isa = PBXContainerItemProxy;
			containerPortal = C945AD48206EF56C002049A9 /* Project object */;
			proxyType = 1;
			remoteGlobalIDString = C945AD4F206EF56C002049A9;
			remoteInfo = HungryBruins;
		};
		C945AD70206EF56C002049A9 /* PBXContainerItemProxy */ = {
			isa = PBXContainerItemProxy;
			containerPortal = C945AD48206EF56C002049A9 /* Project object */;
			proxyType = 1;
			remoteGlobalIDString = C945AD4F206EF56C002049A9;
			remoteInfo = HungryBruins;
		};
/* End PBXContainerItemProxy section */

/* Begin PBXFileReference section */
		2D51E17B20705A690083434C /* GoogleService-Info.plist */ = {isa = PBXFileReference; fileEncoding = 4; lastKnownFileType = text.plist.xml; name = "GoogleService-Info.plist"; path = "../../../GoogleService-Info.plist"; sourceTree = "<group>"; };
		36EAE58B83BFAC997A7D1CC1 /* Pods_HungryBruinsTests.framework */ = {isa = PBXFileReference; explicitFileType = wrapper.framework; includeInIndex = 0; path = Pods_HungryBruinsTests.framework; sourceTree = BUILT_PRODUCTS_DIR; };
		4A7C088D64323A7BC6FC6663 /* Pods-HungryBruinsTests.release.xcconfig */ = {isa = PBXFileReference; includeInIndex = 1; lastKnownFileType = text.xcconfig; name = "Pods-HungryBruinsTests.release.xcconfig"; path = "Pods/Target Support Files/Pods-HungryBruinsTests/Pods-HungryBruinsTests.release.xcconfig"; sourceTree = "<group>"; };
		582FCC0DA6EA25EF87570FD6 /* Pods_HungryBruinsUITests.framework */ = {isa = PBXFileReference; explicitFileType = wrapper.framework; includeInIndex = 0; path = Pods_HungryBruinsUITests.framework; sourceTree = BUILT_PRODUCTS_DIR; };
		632AD66DCA744F8CEC6DC8BC /* Pods_HungryBruins.framework */ = {isa = PBXFileReference; explicitFileType = wrapper.framework; includeInIndex = 0; path = Pods_HungryBruins.framework; sourceTree = BUILT_PRODUCTS_DIR; };
		6A645F8C763BCF20A52A4A5E /* Pods-HungryBruinsTests.debug.xcconfig */ = {isa = PBXFileReference; includeInIndex = 1; lastKnownFileType = text.xcconfig; name = "Pods-HungryBruinsTests.debug.xcconfig"; path = "Pods/Target Support Files/Pods-HungryBruinsTests/Pods-HungryBruinsTests.debug.xcconfig"; sourceTree = "<group>"; };
		718430274896BB5A6CAF9BDE /* Pods-HungryBruins.release.xcconfig */ = {isa = PBXFileReference; includeInIndex = 1; lastKnownFileType = text.xcconfig; name = "Pods-HungryBruins.release.xcconfig"; path = "Pods/Target Support Files/Pods-HungryBruins/Pods-HungryBruins.release.xcconfig"; sourceTree = "<group>"; };
		90B1BB6C0897129D0D59D60A /* Pods-HungryBruinsUITests.debug.xcconfig */ = {isa = PBXFileReference; includeInIndex = 1; lastKnownFileType = text.xcconfig; name = "Pods-HungryBruinsUITests.debug.xcconfig"; path = "Pods/Target Support Files/Pods-HungryBruinsUITests/Pods-HungryBruinsUITests.debug.xcconfig"; sourceTree = "<group>"; };
		AE773AB9F22F3500F407E944 /* Pods-HungryBruins.debug.xcconfig */ = {isa = PBXFileReference; includeInIndex = 1; lastKnownFileType = text.xcconfig; name = "Pods-HungryBruins.debug.xcconfig"; path = "Pods/Target Support Files/Pods-HungryBruins/Pods-HungryBruins.debug.xcconfig"; sourceTree = "<group>"; };
		C945AD50206EF56C002049A9 /* HungryBruins.app */ = {isa = PBXFileReference; explicitFileType = wrapper.application; includeInIndex = 0; path = HungryBruins.app; sourceTree = BUILT_PRODUCTS_DIR; };
		C945AD53206EF56C002049A9 /* AppDelegate.swift */ = {isa = PBXFileReference; lastKnownFileType = sourcecode.swift; path = AppDelegate.swift; sourceTree = "<group>"; };
		C945AD55206EF56C002049A9 /* ViewController.swift */ = {isa = PBXFileReference; lastKnownFileType = sourcecode.swift; path = ViewController.swift; sourceTree = "<group>"; };
		C945AD58206EF56C002049A9 /* Base */ = {isa = PBXFileReference; lastKnownFileType = file.storyboard; name = Base; path = Base.lproj/Main.storyboard; sourceTree = "<group>"; };
		C945AD5A206EF56C002049A9 /* Assets.xcassets */ = {isa = PBXFileReference; lastKnownFileType = folder.assetcatalog; path = Assets.xcassets; sourceTree = "<group>"; };
		C945AD5D206EF56C002049A9 /* Base */ = {isa = PBXFileReference; lastKnownFileType = file.storyboard; name = Base; path = Base.lproj/LaunchScreen.storyboard; sourceTree = "<group>"; };
		C945AD5F206EF56C002049A9 /* Info.plist */ = {isa = PBXFileReference; lastKnownFileType = text.plist.xml; path = Info.plist; sourceTree = "<group>"; };
		C945AD64206EF56C002049A9 /* HungryBruinsTests.xctest */ = {isa = PBXFileReference; explicitFileType = wrapper.cfbundle; includeInIndex = 0; path = HungryBruinsTests.xctest; sourceTree = BUILT_PRODUCTS_DIR; };
		C945AD68206EF56C002049A9 /* HungryBruinsTests.swift */ = {isa = PBXFileReference; lastKnownFileType = sourcecode.swift; path = HungryBruinsTests.swift; sourceTree = "<group>"; };
		C945AD6A206EF56C002049A9 /* Info.plist */ = {isa = PBXFileReference; lastKnownFileType = text.plist.xml; path = Info.plist; sourceTree = "<group>"; };
		C945AD6F206EF56C002049A9 /* HungryBruinsUITests.xctest */ = {isa = PBXFileReference; explicitFileType = wrapper.cfbundle; includeInIndex = 0; path = HungryBruinsUITests.xctest; sourceTree = BUILT_PRODUCTS_DIR; };
		C945AD73206EF56C002049A9 /* HungryBruinsUITests.swift */ = {isa = PBXFileReference; lastKnownFileType = sourcecode.swift; path = HungryBruinsUITests.swift; sourceTree = "<group>"; };
		C945AD75206EF56C002049A9 /* Info.plist */ = {isa = PBXFileReference; lastKnownFileType = text.plist.xml; path = Info.plist; sourceTree = "<group>"; };
		DEF7748219E51FDC8D545D1A /* Pods-HungryBruinsUITests.release.xcconfig */ = {isa = PBXFileReference; includeInIndex = 1; lastKnownFileType = text.xcconfig; name = "Pods-HungryBruinsUITests.release.xcconfig"; path = "Pods/Target Support Files/Pods-HungryBruinsUITests/Pods-HungryBruinsUITests.release.xcconfig"; sourceTree = "<group>"; };
/* End PBXFileReference section */

/* Begin PBXFrameworksBuildPhase section */
		C945AD4D206EF56C002049A9 /* Frameworks */ = {
			isa = PBXFrameworksBuildPhase;
			buildActionMask = 2147483647;
			files = (
				53173E014E911A9528E2E1E3 /* Pods_HungryBruins.framework in Frameworks */,
			);
			runOnlyForDeploymentPostprocessing = 0;
		};
		C945AD61206EF56C002049A9 /* Frameworks */ = {
			isa = PBXFrameworksBuildPhase;
			buildActionMask = 2147483647;
			files = (
				FB3CFEAD1152D4B1BCF8AD94 /* Pods_HungryBruinsTests.framework in Frameworks */,
			);
			runOnlyForDeploymentPostprocessing = 0;
		};
		C945AD6C206EF56C002049A9 /* Frameworks */ = {
			isa = PBXFrameworksBuildPhase;
			buildActionMask = 2147483647;
			files = (
				A3AEB635270EFDEA2F706D00 /* Pods_HungryBruinsUITests.framework in Frameworks */,
			);
			runOnlyForDeploymentPostprocessing = 0;
		};
/* End PBXFrameworksBuildPhase section */

/* Begin PBXGroup section */
		45005D051C8409987A7ACF4A /* Frameworks */ = {
			isa = PBXGroup;
			children = (
				632AD66DCA744F8CEC6DC8BC /* Pods_HungryBruins.framework */,
				36EAE58B83BFAC997A7D1CC1 /* Pods_HungryBruinsTests.framework */,
				582FCC0DA6EA25EF87570FD6 /* Pods_HungryBruinsUITests.framework */,
			);
			name = Frameworks;
			sourceTree = "<group>";
		};
		9C6FBEFF94A821496E6F5AD9 /* Pods */ = {
			isa = PBXGroup;
			children = (
				AE773AB9F22F3500F407E944 /* Pods-HungryBruins.debug.xcconfig */,
				718430274896BB5A6CAF9BDE /* Pods-HungryBruins.release.xcconfig */,
				6A645F8C763BCF20A52A4A5E /* Pods-HungryBruinsTests.debug.xcconfig */,
				4A7C088D64323A7BC6FC6663 /* Pods-HungryBruinsTests.release.xcconfig */,
				90B1BB6C0897129D0D59D60A /* Pods-HungryBruinsUITests.debug.xcconfig */,
				DEF7748219E51FDC8D545D1A /* Pods-HungryBruinsUITests.release.xcconfig */,
			);
			name = Pods;
			sourceTree = "<group>";
		};
		C945AD47206EF56C002049A9 = {
			isa = PBXGroup;
			children = (
				C945AD52206EF56C002049A9 /* HungryBruins */,
				C945AD67206EF56C002049A9 /* HungryBruinsTests */,
				C945AD72206EF56C002049A9 /* HungryBruinsUITests */,
				C945AD51206EF56C002049A9 /* Products */,
				9C6FBEFF94A821496E6F5AD9 /* Pods */,
				45005D051C8409987A7ACF4A /* Frameworks */,
			);
			sourceTree = "<group>";
		};
		C945AD51206EF56C002049A9 /* Products */ = {
			isa = PBXGroup;
			children = (
				C945AD50206EF56C002049A9 /* HungryBruins.app */,
				C945AD64206EF56C002049A9 /* HungryBruinsTests.xctest */,
				C945AD6F206EF56C002049A9 /* HungryBruinsUITests.xctest */,
			);
			name = Products;
			sourceTree = "<group>";
		};
		C945AD52206EF56C002049A9 /* HungryBruins */ = {
			isa = PBXGroup;
			children = (
				2D51E17B20705A690083434C /* GoogleService-Info.plist */,
				C945AD53206EF56C002049A9 /* AppDelegate.swift */,
				C945AD55206EF56C002049A9 /* ViewController.swift */,
				C945AD57206EF56C002049A9 /* Main.storyboard */,
				C945AD5A206EF56C002049A9 /* Assets.xcassets */,
				C945AD5C206EF56C002049A9 /* LaunchScreen.storyboard */,
				C945AD5F206EF56C002049A9 /* Info.plist */,
			);
			path = HungryBruins;
			sourceTree = "<group>";
		};
		C945AD67206EF56C002049A9 /* HungryBruinsTests */ = {
			isa = PBXGroup;
			children = (
				C945AD68206EF56C002049A9 /* HungryBruinsTests.swift */,
				C945AD6A206EF56C002049A9 /* Info.plist */,
			);
			path = HungryBruinsTests;
			sourceTree = "<group>";
		};
		C945AD72206EF56C002049A9 /* HungryBruinsUITests */ = {
			isa = PBXGroup;
			children = (
				C945AD73206EF56C002049A9 /* HungryBruinsUITests.swift */,
				C945AD75206EF56C002049A9 /* Info.plist */,
			);
			path = HungryBruinsUITests;
			sourceTree = "<group>";
		};
/* End PBXGroup section */

/* Begin PBXNativeTarget section */
		C945AD4F206EF56C002049A9 /* HungryBruins */ = {
			isa = PBXNativeTarget;
			buildConfigurationList = C945AD78206EF56C002049A9 /* Build configuration list for PBXNativeTarget "HungryBruins" */;
			buildPhases = (
				B0E1C5E673469E4265442D4D /* [CP] Check Pods Manifest.lock */,
				C945AD4C206EF56C002049A9 /* Sources */,
				C945AD4D206EF56C002049A9 /* Frameworks */,
				C945AD4E206EF56C002049A9 /* Resources */,
				7E5E9F184CD6E1D5CCD08C3D /* [CP] Embed Pods Frameworks */,
				BA7BA7F777BA3C2367B57B76 /* [CP] Copy Pods Resources */,
			);
			buildRules = (
			);
			dependencies = (
			);
			name = HungryBruins;
			productName = HungryBruins;
			productReference = C945AD50206EF56C002049A9 /* HungryBruins.app */;
			productType = "com.apple.product-type.application";
		};
		C945AD63206EF56C002049A9 /* HungryBruinsTests */ = {
			isa = PBXNativeTarget;
			buildConfigurationList = C945AD7B206EF56C002049A9 /* Build configuration list for PBXNativeTarget "HungryBruinsTests" */;
			buildPhases = (
				269595AA14BB50D2428515A1 /* [CP] Check Pods Manifest.lock */,
				C945AD60206EF56C002049A9 /* Sources */,
				C945AD61206EF56C002049A9 /* Frameworks */,
				C945AD62206EF56C002049A9 /* Resources */,
				B9E09B8B25E3B6C9A4AF1E29 /* [CP] Embed Pods Frameworks */,
				5C5F390E6D6978162E1FA7FF /* [CP] Copy Pods Resources */,
			);
			buildRules = (
			);
			dependencies = (
				C945AD66206EF56C002049A9 /* PBXTargetDependency */,
			);
			name = HungryBruinsTests;
			productName = HungryBruinsTests;
			productReference = C945AD64206EF56C002049A9 /* HungryBruinsTests.xctest */;
			productType = "com.apple.product-type.bundle.unit-test";
		};
		C945AD6E206EF56C002049A9 /* HungryBruinsUITests */ = {
			isa = PBXNativeTarget;
			buildConfigurationList = C945AD7E206EF56C002049A9 /* Build configuration list for PBXNativeTarget "HungryBruinsUITests" */;
			buildPhases = (
				1A14FC48856F413C6F71EE9C /* [CP] Check Pods Manifest.lock */,
				C945AD6B206EF56C002049A9 /* Sources */,
				C945AD6C206EF56C002049A9 /* Frameworks */,
				C945AD6D206EF56C002049A9 /* Resources */,
				CC4B8F994BC22C1C53BB64FA /* [CP] Embed Pods Frameworks */,
				EC49BE4CD3B1A66837CF8600 /* [CP] Copy Pods Resources */,
			);
			buildRules = (
			);
			dependencies = (
				C945AD71206EF56C002049A9 /* PBXTargetDependency */,
			);
			name = HungryBruinsUITests;
			productName = HungryBruinsUITests;
			productReference = C945AD6F206EF56C002049A9 /* HungryBruinsUITests.xctest */;
			productType = "com.apple.product-type.bundle.ui-testing";
		};
/* End PBXNativeTarget section */

/* Begin PBXProject section */
		C945AD48206EF56C002049A9 /* Project object */ = {
			isa = PBXProject;
			attributes = {
				LastSwiftUpdateCheck = 0920;
				LastUpgradeCheck = 0920;
				ORGANIZATIONNAME = LA_HACKS;
				TargetAttributes = {
					C945AD4F206EF56C002049A9 = {
						CreatedOnToolsVersion = 9.2;
						ProvisioningStyle = Automatic;
					};
					C945AD63206EF56C002049A9 = {
						CreatedOnToolsVersion = 9.2;
						ProvisioningStyle = Automatic;
						TestTargetID = C945AD4F206EF56C002049A9;
					};
					C945AD6E206EF56C002049A9 = {
						CreatedOnToolsVersion = 9.2;
						ProvisioningStyle = Automatic;
						TestTargetID = C945AD4F206EF56C002049A9;
					};
				};
			};
			buildConfigurationList = C945AD4B206EF56C002049A9 /* Build configuration list for PBXProject "HungryBruins" */;
			compatibilityVersion = "Xcode 8.0";
			developmentRegion = en;
			hasScannedForEncodings = 0;
			knownRegions = (
				en,
				Base,
			);
			mainGroup = C945AD47206EF56C002049A9;
			productRefGroup = C945AD51206EF56C002049A9 /* Products */;
			projectDirPath = "";
			projectRoot = "";
			targets = (
				C945AD4F206EF56C002049A9 /* HungryBruins */,
				C945AD63206EF56C002049A9 /* HungryBruinsTests */,
				C945AD6E206EF56C002049A9 /* HungryBruinsUITests */,
			);
		};
/* End PBXProject section */

/* Begin PBXResourcesBuildPhase section */
		C945AD4E206EF56C002049A9 /* Resources */ = {
			isa = PBXResourcesBuildPhase;
			buildActionMask = 2147483647;
			files = (
				C945AD5E206EF56C002049A9 /* LaunchScreen.storyboard in Resources */,
				2D51E17C20705A6A0083434C /* GoogleService-Info.plist in Resources */,
				C945AD5B206EF56C002049A9 /* Assets.xcassets in Resources */,
				C945AD59206EF56C002049A9 /* Main.storyboard in Resources */,
			);
			runOnlyForDeploymentPostprocessing = 0;
		};
		C945AD62206EF56C002049A9 /* Resources */ = {
			isa = PBXResourcesBuildPhase;
			buildActionMask = 2147483647;
			files = (
			);
			runOnlyForDeploymentPostprocessing = 0;
		};
		C945AD6D206EF56C002049A9 /* Resources */ = {
			isa = PBXResourcesBuildPhase;
			buildActionMask = 2147483647;
			files = (
			);
			runOnlyForDeploymentPostprocessing = 0;
		};
/* End PBXResourcesBuildPhase section */

/* Begin PBXShellScriptBuildPhase section */
		1A14FC48856F413C6F71EE9C /* [CP] Check Pods Manifest.lock */ = {
			isa = PBXShellScriptBuildPhase;
			buildActionMask = 2147483647;
			files = (
			);
			inputPaths = (
				"${PODS_PODFILE_DIR_PATH}/Podfile.lock",
				"${PODS_ROOT}/Manifest.lock",
			);
			name = "[CP] Check Pods Manifest.lock";
			outputPaths = (
				"$(DERIVED_FILE_DIR)/Pods-HungryBruinsUITests-checkManifestLockResult.txt",
			);
			runOnlyForDeploymentPostprocessing = 0;
			shellPath = /bin/sh;
			shellScript = "diff \"${PODS_PODFILE_DIR_PATH}/Podfile.lock\" \"${PODS_ROOT}/Manifest.lock\" > /dev/null\nif [ $? != 0 ] ; then\n    # print error to STDERR\n    echo \"error: The sandbox is not in sync with the Podfile.lock. Run 'pod install' or update your CocoaPods installation.\" >&2\n    exit 1\nfi\n# This output is used by Xcode 'outputs' to avoid re-running this script phase.\necho \"SUCCESS\" > \"${SCRIPT_OUTPUT_FILE_0}\"\n";
			showEnvVarsInLog = 0;
		};
		269595AA14BB50D2428515A1 /* [CP] Check Pods Manifest.lock */ = {
			isa = PBXShellScriptBuildPhase;
			buildActionMask = 2147483647;
			files = (
			);
			inputPaths = (
				"${PODS_PODFILE_DIR_PATH}/Podfile.lock",
				"${PODS_ROOT}/Manifest.lock",
			);
			name = "[CP] Check Pods Manifest.lock";
			outputPaths = (
				"$(DERIVED_FILE_DIR)/Pods-HungryBruinsTests-checkManifestLockResult.txt",
			);
			runOnlyForDeploymentPostprocessing = 0;
			shellPath = /bin/sh;
			shellScript = "diff \"${PODS_PODFILE_DIR_PATH}/Podfile.lock\" \"${PODS_ROOT}/Manifest.lock\" > /dev/null\nif [ $? != 0 ] ; then\n    # print error to STDERR\n    echo \"error: The sandbox is not in sync with the Podfile.lock. Run 'pod install' or update your CocoaPods installation.\" >&2\n    exit 1\nfi\n# This output is used by Xcode 'outputs' to avoid re-running this script phase.\necho \"SUCCESS\" > \"${SCRIPT_OUTPUT_FILE_0}\"\n";
			showEnvVarsInLog = 0;
		};
		5C5F390E6D6978162E1FA7FF /* [CP] Copy Pods Resources */ = {
			isa = PBXShellScriptBuildPhase;
			buildActionMask = 2147483647;
			files = (
			);
			inputPaths = (
			);
			name = "[CP] Copy Pods Resources";
			outputPaths = (
			);
			runOnlyForDeploymentPostprocessing = 0;
			shellPath = /bin/sh;
			shellScript = "\"${SRCROOT}/Pods/Target Support Files/Pods-HungryBruinsTests/Pods-HungryBruinsTests-resources.sh\"\n";
			showEnvVarsInLog = 0;
		};
		7E5E9F184CD6E1D5CCD08C3D /* [CP] Embed Pods Frameworks */ = {
			isa = PBXShellScriptBuildPhase;
			buildActionMask = 2147483647;
			files = (
			);
			inputPaths = (
				"${SRCROOT}/Pods/Target Support Files/Pods-HungryBruins/Pods-HungryBruins-frameworks.sh",
				"${BUILT_PRODUCTS_DIR}/GTMSessionFetcher/GTMSessionFetcher.framework",
				"${BUILT_PRODUCTS_DIR}/GoogleToolboxForMac/GoogleToolboxForMac.framework",
				"${BUILT_PRODUCTS_DIR}/leveldb-library/leveldb.framework",
				"${BUILT_PRODUCTS_DIR}/nanopb/nanopb.framework",
			);
			name = "[CP] Embed Pods Frameworks";
			outputPaths = (
				"${TARGET_BUILD_DIR}/${FRAMEWORKS_FOLDER_PATH}/GTMSessionFetcher.framework",
				"${TARGET_BUILD_DIR}/${FRAMEWORKS_FOLDER_PATH}/GoogleToolboxForMac.framework",
				"${TARGET_BUILD_DIR}/${FRAMEWORKS_FOLDER_PATH}/leveldb.framework",
				"${TARGET_BUILD_DIR}/${FRAMEWORKS_FOLDER_PATH}/nanopb.framework",
			);
			runOnlyForDeploymentPostprocessing = 0;
			shellPath = /bin/sh;
			shellScript = "\"${SRCROOT}/Pods/Target Support Files/Pods-HungryBruins/Pods-HungryBruins-frameworks.sh\"\n";
			showEnvVarsInLog = 0;
		};
		B0E1C5E673469E4265442D4D /* [CP] Check Pods Manifest.lock */ = {
			isa = PBXShellScriptBuildPhase;
			buildActionMask = 2147483647;
			files = (
			);
			inputPaths = (
				"${PODS_PODFILE_DIR_PATH}/Podfile.lock",
				"${PODS_ROOT}/Manifest.lock",
			);
			name = "[CP] Check Pods Manifest.lock";
			outputPaths = (
				"$(DERIVED_FILE_DIR)/Pods-HungryBruins-checkManifestLockResult.txt",
			);
			runOnlyForDeploymentPostprocessing = 0;
			shellPath = /bin/sh;
			shellScript = "diff \"${PODS_PODFILE_DIR_PATH}/Podfile.lock\" \"${PODS_ROOT}/Manifest.lock\" > /dev/null\nif [ $? != 0 ] ; then\n    # print error to STDERR\n    echo \"error: The sandbox is not in sync with the Podfile.lock. Run 'pod install' or update your CocoaPods installation.\" >&2\n    exit 1\nfi\n# This output is used by Xcode 'outputs' to avoid re-running this script phase.\necho \"SUCCESS\" > \"${SCRIPT_OUTPUT_FILE_0}\"\n";
			showEnvVarsInLog = 0;
		};
		B9E09B8B25E3B6C9A4AF1E29 /* [CP] Embed Pods Frameworks */ = {
			isa = PBXShellScriptBuildPhase;
			buildActionMask = 2147483647;
			files = (
			);
			inputPaths = (
			);
			name = "[CP] Embed Pods Frameworks";
			outputPaths = (
			);
			runOnlyForDeploymentPostprocessing = 0;
			shellPath = /bin/sh;
			shellScript = "\"${SRCROOT}/Pods/Target Support Files/Pods-HungryBruinsTests/Pods-HungryBruinsTests-frameworks.sh\"\n";
			showEnvVarsInLog = 0;
		};
		BA7BA7F777BA3C2367B57B76 /* [CP] Copy Pods Resources */ = {
			isa = PBXShellScriptBuildPhase;
			buildActionMask = 2147483647;
			files = (
			);
			inputPaths = (
			);
			name = "[CP] Copy Pods Resources";
			outputPaths = (
			);
			runOnlyForDeploymentPostprocessing = 0;
			shellPath = /bin/sh;
			shellScript = "\"${SRCROOT}/Pods/Target Support Files/Pods-HungryBruins/Pods-HungryBruins-resources.sh\"\n";
			showEnvVarsInLog = 0;
		};
		CC4B8F994BC22C1C53BB64FA /* [CP] Embed Pods Frameworks */ = {
			isa = PBXShellScriptBuildPhase;
			buildActionMask = 2147483647;
			files = (
			);
			inputPaths = (
			);
			name = "[CP] Embed Pods Frameworks";
			outputPaths = (
			);
			runOnlyForDeploymentPostprocessing = 0;
			shellPath = /bin/sh;
			shellScript = "\"${SRCROOT}/Pods/Target Support Files/Pods-HungryBruinsUITests/Pods-HungryBruinsUITests-frameworks.sh\"\n";
			showEnvVarsInLog = 0;
		};
		EC49BE4CD3B1A66837CF8600 /* [CP] Copy Pods Resources */ = {
			isa = PBXShellScriptBuildPhase;
			buildActionMask = 2147483647;
			files = (
			);
			inputPaths = (
			);
			name = "[CP] Copy Pods Resources";
			outputPaths = (
			);
			runOnlyForDeploymentPostprocessing = 0;
			shellPath = /bin/sh;
			shellScript = "\"${SRCROOT}/Pods/Target Support Files/Pods-HungryBruinsUITests/Pods-HungryBruinsUITests-resources.sh\"\n";
			showEnvVarsInLog = 0;
		};
/* End PBXShellScriptBuildPhase section */

/* Begin PBXSourcesBuildPhase section */
		C945AD4C206EF56C002049A9 /* Sources */ = {
			isa = PBXSourcesBuildPhase;
			buildActionMask = 2147483647;
			files = (
				C945AD56206EF56C002049A9 /* ViewController.swift in Sources */,
				C945AD54206EF56C002049A9 /* AppDelegate.swift in Sources */,
			);
			runOnlyForDeploymentPostprocessing = 0;
		};
		C945AD60206EF56C002049A9 /* Sources */ = {
			isa = PBXSourcesBuildPhase;
			buildActionMask = 2147483647;
			files = (
				C945AD69206EF56C002049A9 /* HungryBruinsTests.swift in Sources */,
			);
			runOnlyForDeploymentPostprocessing = 0;
		};
		C945AD6B206EF56C002049A9 /* Sources */ = {
			isa = PBXSourcesBuildPhase;
			buildActionMask = 2147483647;
			files = (
				C945AD74206EF56C002049A9 /* HungryBruinsUITests.swift in Sources */,
			);
			runOnlyForDeploymentPostprocessing = 0;
		};
/* End PBXSourcesBuildPhase section */

/* Begin PBXTargetDependency section */
		C945AD66206EF56C002049A9 /* PBXTargetDependency */ = {
			isa = PBXTargetDependency;
			target = C945AD4F206EF56C002049A9 /* HungryBruins */;
			targetProxy = C945AD65206EF56C002049A9 /* PBXContainerItemProxy */;
		};
		C945AD71206EF56C002049A9 /* PBXTargetDependency */ = {
			isa = PBXTargetDependency;
			target = C945AD4F206EF56C002049A9 /* HungryBruins */;
			targetProxy = C945AD70206EF56C002049A9 /* PBXContainerItemProxy */;
		};
/* End PBXTargetDependency section */

/* Begin PBXVariantGroup section */
		C945AD57206EF56C002049A9 /* Main.storyboard */ = {
			isa = PBXVariantGroup;
			children = (
				C945AD58206EF56C002049A9 /* Base */,
			);
			name = Main.storyboard;
			sourceTree = "<group>";
		};
		C945AD5C206EF56C002049A9 /* LaunchScreen.storyboard */ = {
			isa = PBXVariantGroup;
			children = (
				C945AD5D206EF56C002049A9 /* Base */,
			);
			name = LaunchScreen.storyboard;
			sourceTree = "<group>";
		};
/* End PBXVariantGroup section */

/* Begin XCBuildConfiguration section */
		C945AD76206EF56C002049A9 /* Debug */ = {
			isa = XCBuildConfiguration;
			buildSettings = {
				ALWAYS_SEARCH_USER_PATHS = NO;
				CLANG_ANALYZER_NONNULL = YES;
				CLANG_ANALYZER_NUMBER_OBJECT_CONVERSION = YES_AGGRESSIVE;
				CLANG_CXX_LANGUAGE_STANDARD = "gnu++14";
				CLANG_CXX_LIBRARY = "libc++";
				CLANG_ENABLE_MODULES = YES;
				CLANG_ENABLE_OBJC_ARC = YES;
				CLANG_WARN_BLOCK_CAPTURE_AUTORELEASING = YES;
				CLANG_WARN_BOOL_CONVERSION = YES;
				CLANG_WARN_COMMA = YES;
				CLANG_WARN_CONSTANT_CONVERSION = YES;
				CLANG_WARN_DIRECT_OBJC_ISA_USAGE = YES_ERROR;
				CLANG_WARN_DOCUMENTATION_COMMENTS = YES;
				CLANG_WARN_EMPTY_BODY = YES;
				CLANG_WARN_ENUM_CONVERSION = YES;
				CLANG_WARN_INFINITE_RECURSION = YES;
				CLANG_WARN_INT_CONVERSION = YES;
				CLANG_WARN_NON_LITERAL_NULL_CONVERSION = YES;
				CLANG_WARN_OBJC_LITERAL_CONVERSION = YES;
				CLANG_WARN_OBJC_ROOT_CLASS = YES_ERROR;
				CLANG_WARN_RANGE_LOOP_ANALYSIS = YES;
				CLANG_WARN_STRICT_PROTOTYPES = YES;
				CLANG_WARN_SUSPICIOUS_MOVE = YES;
				CLANG_WARN_UNGUARDED_AVAILABILITY = YES_AGGRESSIVE;
				CLANG_WARN_UNREACHABLE_CODE = YES;
				CLANG_WARN__DUPLICATE_METHOD_MATCH = YES;
				CODE_SIGN_IDENTITY = "iPhone Developer";
				COPY_PHASE_STRIP = NO;
				DEBUG_INFORMATION_FORMAT = dwarf;
				ENABLE_STRICT_OBJC_MSGSEND = YES;
				ENABLE_TESTABILITY = YES;
				GCC_C_LANGUAGE_STANDARD = gnu11;
				GCC_DYNAMIC_NO_PIC = NO;
				GCC_NO_COMMON_BLOCKS = YES;
				GCC_OPTIMIZATION_LEVEL = 0;
				GCC_PREPROCESSOR_DEFINITIONS = (
					"DEBUG=1",
					"$(inherited)",
				);
				GCC_WARN_64_TO_32_BIT_CONVERSION = YES;
				GCC_WARN_ABOUT_RETURN_TYPE = YES_ERROR;
				GCC_WARN_UNDECLARED_SELECTOR = YES;
				GCC_WARN_UNINITIALIZED_AUTOS = YES_AGGRESSIVE;
				GCC_WARN_UNUSED_FUNCTION = YES;
				GCC_WARN_UNUSED_VARIABLE = YES;
				IPHONEOS_DEPLOYMENT_TARGET = 11.2;
				MTL_ENABLE_DEBUG_INFO = YES;
				ONLY_ACTIVE_ARCH = YES;
				SDKROOT = iphoneos;
				SWIFT_ACTIVE_COMPILATION_CONDITIONS = DEBUG;
				SWIFT_OPTIMIZATION_LEVEL = "-Onone";
			};
			name = Debug;
		};
		C945AD77206EF56C002049A9 /* Release */ = {
			isa = XCBuildConfiguration;
			buildSettings = {
				ALWAYS_SEARCH_USER_PATHS = NO;
				CLANG_ANALYZER_NONNULL = YES;
				CLANG_ANALYZER_NUMBER_OBJECT_CONVERSION = YES_AGGRESSIVE;
				CLANG_CXX_LANGUAGE_STANDARD = "gnu++14";
				CLANG_CXX_LIBRARY = "libc++";
				CLANG_ENABLE_MODULES = YES;
				CLANG_ENABLE_OBJC_ARC = YES;
				CLANG_WARN_BLOCK_CAPTURE_AUTORELEASING = YES;
				CLANG_WARN_BOOL_CONVERSION = YES;
				CLANG_WARN_COMMA = YES;
				CLANG_WARN_CONSTANT_CONVERSION = YES;
				CLANG_WARN_DIRECT_OBJC_ISA_USAGE = YES_ERROR;
				CLANG_WARN_DOCUMENTATION_COMMENTS = YES;
				CLANG_WARN_EMPTY_BODY = YES;
				CLANG_WARN_ENUM_CONVERSION = YES;
				CLANG_WARN_INFINITE_RECURSION = YES;
				CLANG_WARN_INT_CONVERSION = YES;
				CLANG_WARN_NON_LITERAL_NULL_CONVERSION = YES;
				CLANG_WARN_OBJC_LITERAL_CONVERSION = YES;
				CLANG_WARN_OBJC_ROOT_CLASS = YES_ERROR;
				CLANG_WARN_RANGE_LOOP_ANALYSIS = YES;
				CLANG_WARN_STRICT_PROTOTYPES = YES;
				CLANG_WARN_SUSPICIOUS_MOVE = YES;
				CLANG_WARN_UNGUARDED_AVAILABILITY = YES_AGGRESSIVE;
				CLANG_WARN_UNREACHABLE_CODE = YES;
				CLANG_WARN__DUPLICATE_METHOD_MATCH = YES;
				CODE_SIGN_IDENTITY = "iPhone Developer";
				COPY_PHASE_STRIP = NO;
				DEBUG_INFORMATION_FORMAT = "dwarf-with-dsym";
				ENABLE_NS_ASSERTIONS = NO;
				ENABLE_STRICT_OBJC_MSGSEND = YES;
				GCC_C_LANGUAGE_STANDARD = gnu11;
				GCC_NO_COMMON_BLOCKS = YES;
				GCC_WARN_64_TO_32_BIT_CONVERSION = YES;
				GCC_WARN_ABOUT_RETURN_TYPE = YES_ERROR;
				GCC_WARN_UNDECLARED_SELECTOR = YES;
				GCC_WARN_UNINITIALIZED_AUTOS = YES_AGGRESSIVE;
				GCC_WARN_UNUSED_FUNCTION = YES;
				GCC_WARN_UNUSED_VARIABLE = YES;
				IPHONEOS_DEPLOYMENT_TARGET = 11.2;
				MTL_ENABLE_DEBUG_INFO = NO;
				SDKROOT = iphoneos;
				SWIFT_OPTIMIZATION_LEVEL = "-Owholemodule";
				VALIDATE_PRODUCT = YES;
			};
			name = Release;
		};
		C945AD79206EF56C002049A9 /* Debug */ = {
			isa = XCBuildConfiguration;
			baseConfigurationReference = AE773AB9F22F3500F407E944 /* Pods-HungryBruins.debug.xcconfig */;
			buildSettings = {
				ASSETCATALOG_COMPILER_APPICON_NAME = AppIcon;
				CODE_SIGN_STYLE = Automatic;
				DEVELOPMENT_TEAM = JU23LUVPD3;
				INFOPLIST_FILE = HungryBruins/Info.plist;
				LD_RUNPATH_SEARCH_PATHS = "$(inherited) @executable_path/Frameworks";
				PRODUCT_BUNDLE_IDENTIFIER = edu.ucla.HungryBruins;
				PRODUCT_NAME = "$(TARGET_NAME)";
				SWIFT_VERSION = 4.0;
				TARGETED_DEVICE_FAMILY = "1,2";
			};
			name = Debug;
		};
		C945AD7A206EF56C002049A9 /* Release */ = {
			isa = XCBuildConfiguration;
			baseConfigurationReference = 718430274896BB5A6CAF9BDE /* Pods-HungryBruins.release.xcconfig */;
			buildSettings = {
				ASSETCATALOG_COMPILER_APPICON_NAME = AppIcon;
				CODE_SIGN_STYLE = Automatic;
				DEVELOPMENT_TEAM = JU23LUVPD3;
				INFOPLIST_FILE = HungryBruins/Info.plist;
				LD_RUNPATH_SEARCH_PATHS = "$(inherited) @executable_path/Frameworks";
				PRODUCT_BUNDLE_IDENTIFIER = edu.ucla.HungryBruins;
				PRODUCT_NAME = "$(TARGET_NAME)";
				SWIFT_VERSION = 4.0;
				TARGETED_DEVICE_FAMILY = "1,2";
			};
			name = Release;
		};
		C945AD7C206EF56C002049A9 /* Debug */ = {
			isa = XCBuildConfiguration;
			baseConfigurationReference = 6A645F8C763BCF20A52A4A5E /* Pods-HungryBruinsTests.debug.xcconfig */;
			buildSettings = {
				ALWAYS_EMBED_SWIFT_STANDARD_LIBRARIES = YES;
				BUNDLE_LOADER = "$(TEST_HOST)";
				CODE_SIGN_STYLE = Automatic;
				INFOPLIST_FILE = HungryBruinsTests/Info.plist;
				LD_RUNPATH_SEARCH_PATHS = "$(inherited) @executable_path/Frameworks @loader_path/Frameworks";
				PRODUCT_BUNDLE_IDENTIFIER = edu.ucla.HungryBruinsTests;
				PRODUCT_NAME = "$(TARGET_NAME)";
				SWIFT_VERSION = 4.0;
				TARGETED_DEVICE_FAMILY = "1,2";
				TEST_HOST = "$(BUILT_PRODUCTS_DIR)/HungryBruins.app/HungryBruins";
			};
			name = Debug;
		};
		C945AD7D206EF56C002049A9 /* Release */ = {
			isa = XCBuildConfiguration;
			baseConfigurationReference = 4A7C088D64323A7BC6FC6663 /* Pods-HungryBruinsTests.release.xcconfig */;
			buildSettings = {
				ALWAYS_EMBED_SWIFT_STANDARD_LIBRARIES = YES;
				BUNDLE_LOADER = "$(TEST_HOST)";
				CODE_SIGN_STYLE = Automatic;
				INFOPLIST_FILE = HungryBruinsTests/Info.plist;
				LD_RUNPATH_SEARCH_PATHS = "$(inherited) @executable_path/Frameworks @loader_path/Frameworks";
				PRODUCT_BUNDLE_IDENTIFIER = edu.ucla.HungryBruinsTests;
				PRODUCT_NAME = "$(TARGET_NAME)";
				SWIFT_VERSION = 4.0;
				TARGETED_DEVICE_FAMILY = "1,2";
				TEST_HOST = "$(BUILT_PRODUCTS_DIR)/HungryBruins.app/HungryBruins";
			};
			name = Release;
		};
		C945AD7F206EF56C002049A9 /* Debug */ = {
			isa = XCBuildConfiguration;
			baseConfigurationReference = 90B1BB6C0897129D0D59D60A /* Pods-HungryBruinsUITests.debug.xcconfig */;
			buildSettings = {
				ALWAYS_EMBED_SWIFT_STANDARD_LIBRARIES = YES;
				CODE_SIGN_STYLE = Automatic;
				INFOPLIST_FILE = HungryBruinsUITests/Info.plist;
				LD_RUNPATH_SEARCH_PATHS = "$(inherited) @executable_path/Frameworks @loader_path/Frameworks";
				PRODUCT_BUNDLE_IDENTIFIER = edu.ucla.HungryBruinsUITests;
				PRODUCT_NAME = "$(TARGET_NAME)";
				SWIFT_VERSION = 4.0;
				TARGETED_DEVICE_FAMILY = "1,2";
				TEST_TARGET_NAME = HungryBruins;
			};
			name = Debug;
		};
		C945AD80206EF56C002049A9 /* Release */ = {
			isa = XCBuildConfiguration;
			baseConfigurationReference = DEF7748219E51FDC8D545D1A /* Pods-HungryBruinsUITests.release.xcconfig */;
			buildSettings = {
				ALWAYS_EMBED_SWIFT_STANDARD_LIBRARIES = YES;
				CODE_SIGN_STYLE = Automatic;
				INFOPLIST_FILE = HungryBruinsUITests/Info.plist;
				LD_RUNPATH_SEARCH_PATHS = "$(inherited) @executable_path/Frameworks @loader_path/Frameworks";
				PRODUCT_BUNDLE_IDENTIFIER = edu.ucla.HungryBruinsUITests;
				PRODUCT_NAME = "$(TARGET_NAME)";
				SWIFT_VERSION = 4.0;
				TARGETED_DEVICE_FAMILY = "1,2";
				TEST_TARGET_NAME = HungryBruins;
			};
			name = Release;
		};
/* End XCBuildConfiguration section */

/* Begin XCConfigurationList section */
		C945AD4B206EF56C002049A9 /* Build configuration list for PBXProject "HungryBruins" */ = {
			isa = XCConfigurationList;
			buildConfigurations = (
				C945AD76206EF56C002049A9 /* Debug */,
				C945AD77206EF56C002049A9 /* Release */,
			);
			defaultConfigurationIsVisible = 0;
			defaultConfigurationName = Release;
		};
		C945AD78206EF56C002049A9 /* Build configuration list for PBXNativeTarget "HungryBruins" */ = {
			isa = XCConfigurationList;
			buildConfigurations = (
				C945AD79206EF56C002049A9 /* Debug */,
				C945AD7A206EF56C002049A9 /* Release */,
			);
			defaultConfigurationIsVisible = 0;
			defaultConfigurationName = Release;
		};
		C945AD7B206EF56C002049A9 /* Build configuration list for PBXNativeTarget "HungryBruinsTests" */ = {
			isa = XCConfigurationList;
			buildConfigurations = (
				C945AD7C206EF56C002049A9 /* Debug */,
				C945AD7D206EF56C002049A9 /* Release */,
			);
			defaultConfigurationIsVisible = 0;
			defaultConfigurationName = Release;
		};
		C945AD7E206EF56C002049A9 /* Build configuration list for PBXNativeTarget "HungryBruinsUITests" */ = {
			isa = XCConfigurationList;
			buildConfigurations = (
				C945AD7F206EF56C002049A9 /* Debug */,
				C945AD80206EF56C002049A9 /* Release */,
			);
			defaultConfigurationIsVisible = 0;
			defaultConfigurationName = Release;
		};
/* End XCConfigurationList section */
	};
	rootObject = C945AD48206EF56C002049A9 /* Project object */;
}
